{
    "version": 3,
    "terraform_version": "0.11.11",
    "serial": 13,
    "lineage": "ad4131e4-933b-f689-5912-bbdacadf64a4",
    "modules": [
        {
            "path": [
                "root"
            ],
            "outputs": {},
            "resources": {
                "aws_codebuild_project.tomcat": {
                    "type": "aws_codebuild_project",
                    "depends_on": [
                        "aws_iam_role.codebuild_servicerole"
                    ],
                    "primary": {
                        "id": "arn:aws:codebuild:us-east-1:185799809509:project/tomcat-project",
                        "attributes": {
                            "arn": "arn:aws:codebuild:us-east-1:185799809509:project/tomcat-project",
                            "artifacts.#": "1",
                            "artifacts.537882814.encryption_disabled": "false",
                            "artifacts.537882814.location": "sreekanthreddy",
                            "artifacts.537882814.name": "tomcat-project",
                            "artifacts.537882814.namespace_type": "NONE",
                            "artifacts.537882814.packaging": "NONE",
                            "artifacts.537882814.path": "",
                            "artifacts.537882814.type": "S3",
                            "badge_enabled": "false",
                            "badge_url": "",
                            "build_timeout": "5",
                            "cache.#": "1",
                            "cache.0.location": "",
                            "cache.0.type": "NO_CACHE",
                            "description": "test_codebuild_project",
                            "encryption_key": "arn:aws:kms:us-east-1:185799809509:alias/aws/s3",
                            "environment.#": "1",
                            "environment.654406497.certificate": "",
                            "environment.654406497.compute_type": "BUILD_GENERAL1_SMALL",
                            "environment.654406497.environment_variable.#": "0",
                            "environment.654406497.image": "aws/codebuild/java:openjdk-9",
                            "environment.654406497.privileged_mode": "false",
                            "environment.654406497.type": "LINUX_CONTAINER",
                            "id": "arn:aws:codebuild:us-east-1:185799809509:project/tomcat-project",
                            "name": "tomcat-project",
                            "secondary_artifacts.#": "0",
                            "secondary_sources.#": "0",
                            "service_role": "arn:aws:iam::185799809509:role/codebuild_servicerole",
                            "source.#": "1",
                            "source.681639673.auth.#": "0",
                            "source.681639673.buildspec": "",
                            "source.681639673.git_clone_depth": "1",
                            "source.681639673.insecure_ssl": "false",
                            "source.681639673.location": "https://github.com/dsreekant211/aws_devops.git",
                            "source.681639673.report_build_status": "false",
                            "source.681639673.type": "GITHUB",
                            "tags.%": "0",
                            "vpc_config.#": "0"
                        },
                        "meta": {},
                        "tainted": false
                    },
                    "deposed": [],
                    "provider": "provider.aws"
                },
                "aws_codebuild_webhook.github_webhook": {
                    "type": "aws_codebuild_webhook",
                    "depends_on": [
                        "aws_codebuild_project.tomcat"
                    ],
                    "primary": {
                        "id": "tomcat-project",
                        "attributes": {
                            "branch_filter": "",
                            "id": "tomcat-project",
                            "payload_url": "https://codebuild.us-east-1.amazonaws.com/webhooks?t=eyJlbmNyeXB0ZWREYXRhIjoicHZzUmk4UWRVVlc1d3hJUGd2dEFIUW5WRkRpZTBWMkFRY21oUEExUWFaRHMxR3E0a3NyUWtTbnFGOWpzUXpCRUtNODJkNVNLcm5qcmRUT2JSQzllcG9vPSIsIml2UGFyYW1ldGVyU3BlYyI6IjNnVSthckdWemdiMWNOT3MiLCJtYXRlcmlhbFNldFNlcmlhbCI6MX0%3D\u0026v=1",
                            "project_name": "tomcat-project",
                            "secret": "",
                            "url": "https://api.github.com/repos/dsreekant211/aws_devops/hooks/95519586"
                        },
                        "meta": {},
                        "tainted": false
                    },
                    "deposed": [],
                    "provider": "provider.aws"
                },
                "aws_iam_instance_profile.code_deploy": {
                    "type": "aws_iam_instance_profile",
                    "depends_on": [
                        "aws_iam_role.codedeploy_role"
                    ],
                    "primary": {
                        "id": "code_deploy",
                        "attributes": {
                            "arn": "arn:aws:iam::185799809509:instance-profile/code_deploy",
                            "create_date": "2019-03-19T07:27:20Z",
                            "id": "code_deploy",
                            "name": "code_deploy",
                            "path": "/",
                            "role": "codedeploy_role",
                            "roles.#": "0",
                            "unique_id": "AIPAIYUXU6RP6E4OV72KU"
                        },
                        "meta": {},
                        "tainted": false
                    },
                    "deposed": [],
                    "provider": "provider.aws"
                },
                "aws_iam_instance_profile.ec2_s3": {
                    "type": "aws_iam_instance_profile",
                    "depends_on": [
                        "aws_iam_role.codedeploy_role"
                    ],
                    "primary": {
                        "id": "ec2_s3",
                        "attributes": {
                            "arn": "arn:aws:iam::185799809509:instance-profile/ec2_s3",
                            "create_date": "2019-03-19T07:27:20Z",
                            "id": "ec2_s3",
                            "name": "ec2_s3",
                            "path": "/",
                            "role": "codedeploy_role",
                            "roles.#": "0",
                            "unique_id": "AIPAJ5E4PK7I7PD7JYPSI"
                        },
                        "meta": {},
                        "tainted": false
                    },
                    "deposed": [],
                    "provider": "provider.aws"
                },
                "aws_iam_policy.ec2_codedeploy": {
                    "type": "aws_iam_policy",
                    "depends_on": [],
                    "primary": {
                        "id": "arn:aws:iam::185799809509:policy/ec2_codedeploy",
                        "attributes": {
                            "arn": "arn:aws:iam::185799809509:policy/ec2_codedeploy",
                            "description": "My test policy",
                            "id": "arn:aws:iam::185799809509:policy/ec2_codedeploy",
                            "name": "ec2_codedeploy",
                            "path": "/",
                            "policy": "{\n    \"Version\": \"2012-10-17\",\n    \"Statement\": [\n        {\n            \"Action\": [\n                \"s3:Get*\",\n                \"s3:List*\"\n            ],\n            \"Effect\": \"Allow\",\n            \"Resource\": \"*\"\n        }\n    ]\n}\n"
                        },
                        "meta": {},
                        "tainted": false
                    },
                    "deposed": [],
                    "provider": "provider.aws"
                },
                "aws_iam_policy_attachment.ec2-s3": {
                    "type": "aws_iam_policy_attachment",
                    "depends_on": [
                        "aws_iam_policy.ec2_codedeploy",
                        "aws_iam_role.ec2-s3"
                    ],
                    "primary": {
                        "id": "ec2-s3",
                        "attributes": {
                            "groups.#": "0",
                            "id": "ec2-s3",
                            "name": "ec2-s3",
                            "policy_arn": "arn:aws:iam::185799809509:policy/ec2_codedeploy",
                            "roles.#": "1",
                            "roles.3860634733": "ec2-s3",
                            "users.#": "0"
                        },
                        "meta": {},
                        "tainted": false
                    },
                    "deposed": [],
                    "provider": "provider.aws"
                },
                "aws_iam_policy_attachment.test-attach": {
                    "type": "aws_iam_policy_attachment",
                    "depends_on": [
                        "aws_iam_role.codedeploy_role"
                    ],
                    "primary": {
                        "id": "test-attachment",
                        "attributes": {
                            "groups.#": "0",
                            "id": "test-attachment",
                            "name": "test-attachment",
                            "policy_arn": "arn:aws:iam::aws:policy/service-role/AWSCodeDeployRole",
                            "roles.#": "1",
                            "roles.503025076": "codedeploy_role",
                            "users.#": "0"
                        },
                        "meta": {},
                        "tainted": false
                    },
                    "deposed": [],
                    "provider": "provider.aws"
                },
                "aws_iam_role.codebuild_servicerole": {
                    "type": "aws_iam_role",
                    "depends_on": [],
                    "primary": {
                        "id": "codebuild_servicerole",
                        "attributes": {
                            "arn": "arn:aws:iam::185799809509:role/codebuild_servicerole",
                            "assume_role_policy": "{\"Version\":\"2012-10-17\",\"Statement\":[{\"Effect\":\"Allow\",\"Principal\":{\"Service\":\"codebuild.amazonaws.com\"},\"Action\":\"sts:AssumeRole\"}]}",
                            "create_date": "2019-03-19T07:27:18Z",
                            "description": "",
                            "force_detach_policies": "false",
                            "id": "codebuild_servicerole",
                            "max_session_duration": "3600",
                            "name": "codebuild_servicerole",
                            "path": "/",
                            "tags.%": "0",
                            "unique_id": "AROAJNAHACIXZWQCMDXVQ"
                        },
                        "meta": {},
                        "tainted": false
                    },
                    "deposed": [],
                    "provider": "provider.aws"
                },
                "aws_iam_role.codedeploy_role": {
                    "type": "aws_iam_role",
                    "depends_on": [],
                    "primary": {
                        "id": "codedeploy_role",
                        "attributes": {
                            "arn": "arn:aws:iam::185799809509:role/codedeploy_role",
                            "assume_role_policy": "{\"Version\":\"2012-10-17\",\"Statement\":[{\"Sid\":\"\",\"Effect\":\"Allow\",\"Principal\":{\"Service\":\"codedeploy.amazonaws.com\"},\"Action\":\"sts:AssumeRole\"}]}",
                            "create_date": "2019-03-19T07:27:18Z",
                            "description": "",
                            "force_detach_policies": "false",
                            "id": "codedeploy_role",
                            "max_session_duration": "3600",
                            "name": "codedeploy_role",
                            "path": "/",
                            "tags.%": "0",
                            "unique_id": "AROAJ3T4VSLSOAONVTSZQ"
                        },
                        "meta": {},
                        "tainted": false
                    },
                    "deposed": [],
                    "provider": "provider.aws"
                },
                "aws_iam_role.ec2-s3": {
                    "type": "aws_iam_role",
                    "depends_on": [],
                    "primary": {
                        "id": "ec2-s3",
                        "attributes": {
                            "arn": "arn:aws:iam::185799809509:role/ec2-s3",
                            "assume_role_policy": "{\"Version\":\"2012-10-17\",\"Statement\":[{\"Sid\":\"\",\"Effect\":\"Allow\",\"Principal\":{\"Service\":\"ec2.amazonaws.com\"},\"Action\":\"sts:AssumeRole\"}]}",
                            "create_date": "2019-03-19T07:27:18Z",
                            "description": "",
                            "force_detach_policies": "false",
                            "id": "ec2-s3",
                            "max_session_duration": "3600",
                            "name": "ec2-s3",
                            "path": "/",
                            "tags.%": "0",
                            "unique_id": "AROAJWIA3TXLIP4GSU4U6"
                        },
                        "meta": {},
                        "tainted": false
                    },
                    "deposed": [],
                    "provider": "provider.aws"
                },
                "aws_iam_role_policy.code_build_policy": {
                    "type": "aws_iam_role_policy",
                    "depends_on": [
                        "aws_iam_role.codebuild_servicerole"
                    ],
                    "primary": {
                        "id": "codebuild_servicerole:terraform-20190319072719622500000001",
                        "attributes": {
                            "id": "codebuild_servicerole:terraform-20190319072719622500000001",
                            "name": "terraform-20190319072719622500000001",
                            "policy": "{\n  \"Version\": \"2012-10-17\",\n  \"Statement\": [\n    {\n      \"Effect\": \"Allow\",\n      \"Resource\": [\n        \"*\"\n      ],\n      \"Action\": [\n        \"logs:CreateLogGroup\",\n        \"logs:CreateLogStream\",\n        \"logs:PutLogEvents\"\n      ]\n    },\n    {\n      \"Effect\": \"Allow\",\n      \"Action\": [\n        \"ec2:CreateNetworkInterface\",\n        \"ec2:DescribeDhcpOptions\",\n        \"ec2:DescribeNetworkInterfaces\",\n        \"ec2:DeleteNetworkInterface\",\n        \"ec2:DescribeSubnets\",\n        \"ec2:DescribeSecurityGroups\",\n        \"ec2:DescribeVpcs\"\n      ],\n      \"Resource\": \"*\"\n    },\n    {\n      \"Effect\": \"Allow\",\n      \"Action\": [\n        \"s3:*\"\n      ],\n      \"Resource\": [\n        \"arn:aws:s3:::sreekanthreddy\",\n        \"arn:aws:s3:::sreekanthreddy/*\"\n      ]\n    }\n  ]\n}\n",
                            "role": "codebuild_servicerole"
                        },
                        "meta": {},
                        "tainted": false
                    },
                    "deposed": [],
                    "provider": "provider.aws"
                }
            },
            "depends_on": []
        }
    ]
}
