{
    "version": 3,
    "terraform_version": "0.11.11",
    "serial": 32,
    "lineage": "ad4131e4-933b-f689-5912-bbdacadf64a4",
    "modules": [
        {
            "path": [
                "root"
            ],
            "outputs": {},
            "resources": {
                "aws_codebuild_project.tomcat": {
                    "type": "aws_codebuild_project",
                    "depends_on": [
                        "aws_iam_role.codebuild_servicerole"
                    ],
                    "primary": {
                        "id": "arn:aws:codebuild:us-east-1:185799809509:project/tomcat-project",
                        "attributes": {
                            "arn": "arn:aws:codebuild:us-east-1:185799809509:project/tomcat-project",
                            "artifacts.#": "1",
                            "artifacts.537882814.encryption_disabled": "false",
                            "artifacts.537882814.location": "sreekanthreddy",
                            "artifacts.537882814.name": "tomcat-project",
                            "artifacts.537882814.namespace_type": "NONE",
                            "artifacts.537882814.packaging": "NONE",
                            "artifacts.537882814.path": "",
                            "artifacts.537882814.type": "S3",
                            "badge_enabled": "false",
                            "badge_url": "",
                            "build_timeout": "5",
                            "cache.#": "1",
                            "cache.0.location": "",
                            "cache.0.type": "NO_CACHE",
                            "description": "test_codebuild_project",
                            "encryption_key": "arn:aws:kms:us-east-1:185799809509:alias/aws/s3",
                            "environment.#": "1",
                            "environment.654406497.certificate": "",
                            "environment.654406497.compute_type": "BUILD_GENERAL1_SMALL",
                            "environment.654406497.environment_variable.#": "0",
                            "environment.654406497.image": "aws/codebuild/java:openjdk-9",
                            "environment.654406497.privileged_mode": "false",
                            "environment.654406497.type": "LINUX_CONTAINER",
                            "id": "arn:aws:codebuild:us-east-1:185799809509:project/tomcat-project",
                            "name": "tomcat-project",
                            "secondary_artifacts.#": "0",
                            "secondary_sources.#": "0",
                            "service_role": "arn:aws:iam::185799809509:role/codebuild_servicerole",
                            "source.#": "1",
                            "source.3102976157.auth.#": "0",
                            "source.3102976157.buildspec": "",
                            "source.3102976157.git_clone_depth": "1",
                            "source.3102976157.insecure_ssl": "false",
                            "source.3102976157.location": "https://github.com/dsreekant211/simple-java-maven-app.git",
                            "source.3102976157.report_build_status": "false",
                            "source.3102976157.type": "GITHUB",
                            "tags.%": "0",
                            "vpc_config.#": "0"
                        },
                        "meta": {},
                        "tainted": false
                    },
                    "deposed": [],
                    "provider": "provider.aws"
                },
                "aws_codebuild_webhook.github_webhook": {
                    "type": "aws_codebuild_webhook",
                    "depends_on": [
                        "aws_codebuild_project.tomcat"
                    ],
                    "primary": {
                        "id": "tomcat-project",
                        "attributes": {
                            "branch_filter": "",
                            "id": "tomcat-project",
                            "payload_url": "https://codebuild.us-east-1.amazonaws.com/webhooks?t=eyJlbmNyeXB0ZWREYXRhIjoib3FVVUpnSG1LNFh6emd1MzFRVlNCQ25DanBVaVhkR2JEVjltUXoyNk1pYnhmdzJUYXFEeGtkdHdmd2Z6OGJzMktwMGl4ejZ3QWNveU1XU3JTUUJZZGhvPSIsIml2UGFyYW1ldGVyU3BlYyI6ImlzblZxeWxWb09sVHNLZXQiLCJtYXRlcmlhbFNldFNlcmlhbCI6MX0%3D\u0026v=1",
                            "project_name": "tomcat-project",
                            "secret": "",
                            "url": "https://api.github.com/repos/dsreekant211/aws_devops/hooks/95765965"
                        },
                        "meta": {},
                        "tainted": false
                    },
                    "deposed": [],
                    "provider": "provider.aws"
                },
                "aws_codedeploy_app.tomcat_webapp": {
                    "type": "aws_codedeploy_app",
                    "depends_on": [],
                    "primary": {
                        "id": "3073e853-0f9d-41d3-93ae-8eba879ab479:tomcat_webapp",
                        "attributes": {
                            "compute_platform": "Server",
                            "id": "3073e853-0f9d-41d3-93ae-8eba879ab479:tomcat_webapp",
                            "name": "tomcat_webapp"
                        },
                        "meta": {},
                        "tainted": false
                    },
                    "deposed": [],
                    "provider": "provider.aws"
                },
                "aws_codedeploy_deployment_group.tomcat_webapp_gr": {
                    "type": "aws_codedeploy_deployment_group",
                    "depends_on": [
                        "aws_codedeploy_app.tomcat_webapp",
                        "aws_iam_role.codedeploy_role_tomcat"
                    ],
                    "primary": {
                        "id": "44f20517-4633-4b9c-9a5d-94d715d926d0",
                        "attributes": {
                            "alarm_configuration.#": "0",
                            "app_name": "tomcat_webapp",
                            "auto_rollback_configuration.#": "0",
                            "autoscaling_groups.#": "0",
                            "blue_green_deployment_config.#": "0",
                            "deployment_config_name": "CodeDeployDefault.OneAtATime",
                            "deployment_group_name": "tomcat_group",
                            "deployment_style.#": "1",
                            "deployment_style.0.deployment_option": "WITHOUT_TRAFFIC_CONTROL",
                            "deployment_style.0.deployment_type": "IN_PLACE",
                            "ec2_tag_filter.#": "0",
                            "ec2_tag_set.#": "1",
                            "ec2_tag_set.1107957403.ec2_tag_filter.#": "1",
                            "ec2_tag_set.1107957403.ec2_tag_filter.1107957275.key": "Name",
                            "ec2_tag_set.1107957403.ec2_tag_filter.1107957275.type": "KEY_AND_VALUE",
                            "ec2_tag_set.1107957403.ec2_tag_filter.1107957275.value": "tomcat_webserver",
                            "ecs_service.#": "0",
                            "id": "44f20517-4633-4b9c-9a5d-94d715d926d0",
                            "load_balancer_info.#": "0",
                            "on_premises_instance_tag_filter.#": "0",
                            "service_role_arn": "arn:aws:iam::185799809509:role/codedeploy_role_tomcat",
                            "trigger_configuration.#": "0"
                        },
                        "meta": {},
                        "tainted": false
                    },
                    "deposed": [],
                    "provider": "provider.aws"
                },
                "aws_codepipeline.tomcat_pipeline": {
                    "type": "aws_codepipeline",
                    "depends_on": [
                        "aws_codebuild_project.tomcat",
                        "aws_codedeploy_app.tomcat_webapp",
                        "aws_codedeploy_deployment_group.tomcat_webapp_gr",
                        "aws_iam_role.codepipeline_role"
                    ],
                    "primary": {
                        "id": "tomcat_pipeline",
                        "attributes": {
                            "arn": "arn:aws:codepipeline:us-east-1:185799809509:tomcat_pipeline",
                            "artifact_store.#": "1",
                            "artifact_store.0.encryption_key.#": "0",
                            "artifact_store.0.location": "sreekanthreddy",
                            "artifact_store.0.type": "S3",
                            "id": "tomcat_pipeline",
                            "name": "tomcat_pipeline",
                            "role_arn": "arn:aws:iam::185799809509:role/codepipeline_role",
                            "stage.#": "3",
                            "stage.0.action.#": "1",
                            "stage.0.action.0.category": "Source",
                            "stage.0.action.0.configuration.%": "4",
                            "stage.0.action.0.configuration.Branch": "master",
                            "stage.0.action.0.configuration.Owner": "dsreekant211",
                            "stage.0.action.0.configuration.PollForSourceChanges": "true",
                            "stage.0.action.0.configuration.Repo": "simple-java-maven-app",
                            "stage.0.action.0.input_artifacts.#": "0",
                            "stage.0.action.0.name": "Source",
                            "stage.0.action.0.output_artifacts.#": "1",
                            "stage.0.action.0.output_artifacts.0": "target",
                            "stage.0.action.0.owner": "ThirdParty",
                            "stage.0.action.0.provider": "GitHub",
                            "stage.0.action.0.role_arn": "",
                            "stage.0.action.0.run_order": "1",
                            "stage.0.action.0.version": "1",
                            "stage.0.name": "Source",
                            "stage.1.action.#": "1",
                            "stage.1.action.0.category": "Build",
                            "stage.1.action.0.configuration.%": "1",
                            "stage.1.action.0.configuration.ProjectName": "tomcat-project",
                            "stage.1.action.0.input_artifacts.#": "1",
                            "stage.1.action.0.input_artifacts.0": "target",
                            "stage.1.action.0.name": "Build",
                            "stage.1.action.0.output_artifacts.#": "0",
                            "stage.1.action.0.owner": "AWS",
                            "stage.1.action.0.provider": "CodeBuild",
                            "stage.1.action.0.role_arn": "",
                            "stage.1.action.0.run_order": "1",
                            "stage.1.action.0.version": "1",
                            "stage.1.name": "Build",
                            "stage.2.action.#": "1",
                            "stage.2.action.0.category": "Deploy",
                            "stage.2.action.0.configuration.%": "2",
                            "stage.2.action.0.configuration.ApplicationName": "tomcat_webapp",
                            "stage.2.action.0.configuration.DeploymentGroupName": "tomcat_group",
                            "stage.2.action.0.input_artifacts.#": "1",
                            "stage.2.action.0.input_artifacts.0": "target",
                            "stage.2.action.0.name": "Deploy",
                            "stage.2.action.0.output_artifacts.#": "0",
                            "stage.2.action.0.owner": "AWS",
                            "stage.2.action.0.provider": "CodeDeploy",
                            "stage.2.action.0.role_arn": "",
                            "stage.2.action.0.run_order": "1",
                            "stage.2.action.0.version": "1",
                            "stage.2.name": "Deploy"
                        },
                        "meta": {},
                        "tainted": false
                    },
                    "deposed": [],
                    "provider": "provider.aws"
                },
                "aws_iam_instance_profile.code_deploy": {
                    "type": "aws_iam_instance_profile",
                    "depends_on": [
                        "aws_iam_role.codedeploy_role_tomcat"
                    ],
                    "primary": {
                        "id": "code_deploy_tomcat",
                        "attributes": {
                            "arn": "arn:aws:iam::185799809509:instance-profile/code_deploy_tomcat",
                            "create_date": "2019-03-20T07:04:40Z",
                            "id": "code_deploy_tomcat",
                            "name": "code_deploy_tomcat",
                            "path": "/",
                            "role": "codedeploy_role_tomcat",
                            "roles.#": "1",
                            "roles.2163269300": "codedeploy_role_tomcat",
                            "unique_id": "AIPAIOQFPRFSZGIUZY3AQ"
                        },
                        "meta": {},
                        "tainted": false
                    },
                    "deposed": [],
                    "provider": "provider.aws"
                },
                "aws_iam_instance_profile.codepipeline_profile": {
                    "type": "aws_iam_instance_profile",
                    "depends_on": [
                        "aws_iam_role.codepipeline_role"
                    ],
                    "primary": {
                        "id": "codepipeline_profile",
                        "attributes": {
                            "arn": "arn:aws:iam::185799809509:instance-profile/codepipeline_profile",
                            "create_date": "2019-03-20T07:04:40Z",
                            "id": "codepipeline_profile",
                            "name": "codepipeline_profile",
                            "path": "/",
                            "role": "codepipeline_role",
                            "roles.#": "1",
                            "roles.1657343113": "codepipeline_role",
                            "unique_id": "AIPAJTMIO74UAALYCEALI"
                        },
                        "meta": {},
                        "tainted": false
                    },
                    "deposed": [],
                    "provider": "provider.aws"
                },
                "aws_iam_instance_profile.ec2_s3_codedeploy": {
                    "type": "aws_iam_instance_profile",
                    "depends_on": [
                        "aws_iam_role.ec2-s3-codedeploy"
                    ],
                    "primary": {
                        "id": "ec2_s3_codedeploy",
                        "attributes": {
                            "arn": "arn:aws:iam::185799809509:instance-profile/ec2_s3_codedeploy",
                            "create_date": "2019-03-20T07:04:40Z",
                            "id": "ec2_s3_codedeploy",
                            "name": "ec2_s3_codedeploy",
                            "path": "/",
                            "role": "ec2-s3-codedeploy",
                            "roles.#": "1",
                            "roles.2127558843": "ec2-s3-codedeploy",
                            "unique_id": "AIPAITRXJBEVWLRAATVNE"
                        },
                        "meta": {},
                        "tainted": false
                    },
                    "deposed": [],
                    "provider": "provider.aws"
                },
                "aws_iam_policy.codepipeline_policy": {
                    "type": "aws_iam_policy",
                    "depends_on": [],
                    "primary": {
                        "id": "arn:aws:iam::185799809509:policy/codepipeline_policy",
                        "attributes": {
                            "arn": "arn:aws:iam::185799809509:policy/codepipeline_policy",
                            "description": "My test policy",
                            "id": "arn:aws:iam::185799809509:policy/codepipeline_policy",
                            "name": "codepipeline_policy",
                            "path": "/",
                            "policy": "{\n  \"Version\": \"2012-10-17\",\n  \"Statement\": [\n    {\n      \"Effect\":\"Allow\",\n      \"Action\": [\n        \"s3:GetObject\",\n        \"s3:GetObjectVersion\",\n        \"s3:GetBucketVersioning\"\n      ],\n      \"Resource\": [\n         \"arn:aws:s3:::sreekanthreddy\",\n        \"arn:aws:s3:::sreekanthreddy/*\"\n      ]\n    },\n    {\n    \"Action\": [\n        \"codedeploy:CreateDeployment\",\n        \"codedeploy:GetApplicationRevision\",\n        \"codedeploy:GetDeployment\",\n        \"codedeploy:GetDeploymentConfig\",\n        \"codedeploy:RegisterApplicationRevision\"\n    ],\n    \"Resource\": \"*\",\n    \"Effect\": \"Allow\"\n   },\n    {\n      \"Effect\": \"Allow\",\n      \"Action\": [\n        \"codebuild:BatchGetBuilds\",\n        \"codebuild:StartBuild\"\n      ],\n      \"Resource\": \"*\"\n    }\n  ]\n}\n"
                        },
                        "meta": {},
                        "tainted": false
                    },
                    "deposed": [],
                    "provider": "provider.aws"
                },
                "aws_iam_policy.ec2_codedeploy_policy": {
                    "type": "aws_iam_policy",
                    "depends_on": [],
                    "primary": {
                        "id": "arn:aws:iam::185799809509:policy/ec2_codedeploy_policy",
                        "attributes": {
                            "arn": "arn:aws:iam::185799809509:policy/ec2_codedeploy_policy",
                            "description": "My test policy",
                            "id": "arn:aws:iam::185799809509:policy/ec2_codedeploy_policy",
                            "name": "ec2_codedeploy_policy",
                            "path": "/",
                            "policy": "{\n    \"Version\": \"2012-10-17\",\n    \"Statement\": [\n        {\n            \"Action\": [\n                \"s3:Get*\",\n                \"s3:List*\"\n            ],\n            \"Effect\": \"Allow\",\n            \"Resource\": \"*\"\n        }\n    ]\n}\n"
                        },
                        "meta": {},
                        "tainted": false
                    },
                    "deposed": [],
                    "provider": "provider.aws"
                },
                "aws_iam_policy_attachment.codepipeline_attach": {
                    "type": "aws_iam_policy_attachment",
                    "depends_on": [
                        "aws_iam_policy.codepipeline_policy",
                        "aws_iam_role.codepipeline_role"
                    ],
                    "primary": {
                        "id": "codepipeline_attach",
                        "attributes": {
                            "groups.#": "0",
                            "id": "codepipeline_attach",
                            "name": "codepipeline_attach",
                            "policy_arn": "arn:aws:iam::185799809509:policy/codepipeline_policy",
                            "roles.#": "1",
                            "roles.1657343113": "codepipeline_role",
                            "users.#": "0"
                        },
                        "meta": {},
                        "tainted": false
                    },
                    "deposed": [],
                    "provider": "provider.aws"
                },
                "aws_iam_policy_attachment.ec2-s3-codedeploy": {
                    "type": "aws_iam_policy_attachment",
                    "depends_on": [
                        "aws_iam_policy.ec2_codedeploy_policy",
                        "aws_iam_role.ec2-s3-codedeploy"
                    ],
                    "primary": {
                        "id": "ec2-s3-codedeploy",
                        "attributes": {
                            "groups.#": "0",
                            "id": "ec2-s3-codedeploy",
                            "name": "ec2-s3-codedeploy",
                            "policy_arn": "arn:aws:iam::185799809509:policy/ec2_codedeploy_policy",
                            "roles.#": "1",
                            "roles.2127558843": "ec2-s3-codedeploy",
                            "users.#": "0"
                        },
                        "meta": {},
                        "tainted": false
                    },
                    "deposed": [],
                    "provider": "provider.aws"
                },
                "aws_iam_policy_attachment.test-attach": {
                    "type": "aws_iam_policy_attachment",
                    "depends_on": [
                        "aws_iam_role.codedeploy_role_tomcat"
                    ],
                    "primary": {
                        "id": "test-attachment",
                        "attributes": {
                            "groups.#": "0",
                            "id": "test-attachment",
                            "name": "test-attachment",
                            "policy_arn": "arn:aws:iam::aws:policy/service-role/AWSCodeDeployRole",
                            "roles.#": "1",
                            "roles.2163269300": "codedeploy_role_tomcat",
                            "users.#": "0"
                        },
                        "meta": {},
                        "tainted": false
                    },
                    "deposed": [],
                    "provider": "provider.aws"
                },
                "aws_iam_role.codebuild_servicerole": {
                    "type": "aws_iam_role",
                    "depends_on": [],
                    "primary": {
                        "id": "codebuild_servicerole",
                        "attributes": {
                            "arn": "arn:aws:iam::185799809509:role/codebuild_servicerole",
                            "assume_role_policy": "{\"Version\":\"2012-10-17\",\"Statement\":[{\"Effect\":\"Allow\",\"Principal\":{\"Service\":\"codebuild.amazonaws.com\"},\"Action\":\"sts:AssumeRole\"}]}",
                            "create_date": "2019-03-20T07:04:37Z",
                            "description": "",
                            "force_detach_policies": "false",
                            "id": "codebuild_servicerole",
                            "max_session_duration": "3600",
                            "name": "codebuild_servicerole",
                            "path": "/",
                            "tags.%": "0",
                            "unique_id": "AROAIFU2B4UQDQKJI4M3Q"
                        },
                        "meta": {},
                        "tainted": false
                    },
                    "deposed": [],
                    "provider": "provider.aws"
                },
                "aws_iam_role.codedeploy_role_tomcat": {
                    "type": "aws_iam_role",
                    "depends_on": [],
                    "primary": {
                        "id": "codedeploy_role_tomcat",
                        "attributes": {
                            "arn": "arn:aws:iam::185799809509:role/codedeploy_role_tomcat",
                            "assume_role_policy": "{\"Version\":\"2012-10-17\",\"Statement\":[{\"Sid\":\"\",\"Effect\":\"Allow\",\"Principal\":{\"Service\":\"codedeploy.amazonaws.com\"},\"Action\":\"sts:AssumeRole\"}]}",
                            "create_date": "2019-03-20T07:04:37Z",
                            "description": "",
                            "force_detach_policies": "false",
                            "id": "codedeploy_role_tomcat",
                            "max_session_duration": "3600",
                            "name": "codedeploy_role_tomcat",
                            "path": "/",
                            "tags.%": "0",
                            "unique_id": "AROAINKVYALMMAPAISSFI"
                        },
                        "meta": {},
                        "tainted": false
                    },
                    "deposed": [],
                    "provider": "provider.aws"
                },
                "aws_iam_role.codepipeline_role": {
                    "type": "aws_iam_role",
                    "depends_on": [],
                    "primary": {
                        "id": "codepipeline_role",
                        "attributes": {
                            "arn": "arn:aws:iam::185799809509:role/codepipeline_role",
                            "assume_role_policy": "{\"Version\":\"2012-10-17\",\"Statement\":[{\"Effect\":\"Allow\",\"Principal\":{\"Service\":\"codepipeline.amazonaws.com\"},\"Action\":\"sts:AssumeRole\"}]}",
                            "create_date": "2019-03-20T07:04:37Z",
                            "description": "",
                            "force_detach_policies": "false",
                            "id": "codepipeline_role",
                            "max_session_duration": "3600",
                            "name": "codepipeline_role",
                            "path": "/",
                            "tags.%": "0",
                            "unique_id": "AROAJ37IOSCMRM7VHU3BO"
                        },
                        "meta": {},
                        "tainted": false
                    },
                    "deposed": [],
                    "provider": "provider.aws"
                },
                "aws_iam_role.ec2-s3-codedeploy": {
                    "type": "aws_iam_role",
                    "depends_on": [],
                    "primary": {
                        "id": "ec2-s3-codedeploy",
                        "attributes": {
                            "arn": "arn:aws:iam::185799809509:role/ec2-s3-codedeploy",
                            "assume_role_policy": "{\"Version\":\"2012-10-17\",\"Statement\":[{\"Sid\":\"\",\"Effect\":\"Allow\",\"Principal\":{\"Service\":\"ec2.amazonaws.com\"},\"Action\":\"sts:AssumeRole\"}]}",
                            "create_date": "2019-03-20T07:04:37Z",
                            "description": "",
                            "force_detach_policies": "false",
                            "id": "ec2-s3-codedeploy",
                            "max_session_duration": "3600",
                            "name": "ec2-s3-codedeploy",
                            "path": "/",
                            "tags.%": "0",
                            "unique_id": "AROAI44WORYAEVSG7SWJQ"
                        },
                        "meta": {},
                        "tainted": false
                    },
                    "deposed": [],
                    "provider": "provider.aws"
                },
                "aws_iam_role_policy.code_build_policy": {
                    "type": "aws_iam_role_policy",
                    "depends_on": [
                        "aws_iam_role.codebuild_servicerole"
                    ],
                    "primary": {
                        "id": "codebuild_servicerole:terraform-20190320070439280100000001",
                        "attributes": {
                            "id": "codebuild_servicerole:terraform-20190320070439280100000001",
                            "name": "terraform-20190320070439280100000001",
                            "policy": "{\n  \"Version\": \"2012-10-17\",\n  \"Statement\": [\n    {\n      \"Effect\": \"Allow\",\n      \"Resource\": [\n        \"*\"\n      ],\n      \"Action\": [\n        \"logs:CreateLogGroup\",\n        \"logs:CreateLogStream\",\n        \"logs:PutLogEvents\"\n      ]\n    },\n    {\n      \"Effect\": \"Allow\",\n      \"Action\": [\n        \"ec2:CreateNetworkInterface\",\n        \"ec2:DescribeDhcpOptions\",\n        \"ec2:DescribeNetworkInterfaces\",\n        \"ec2:DeleteNetworkInterface\",\n        \"ec2:DescribeSubnets\",\n        \"ec2:DescribeSecurityGroups\",\n        \"ec2:DescribeVpcs\"\n      ],\n      \"Resource\": \"*\"\n    },\n    {\n      \"Effect\": \"Allow\",\n      \"Action\": [\n        \"s3:*\"\n      ],\n      \"Resource\": [\n        \"arn:aws:s3:::sreekanthreddy\",\n        \"arn:aws:s3:::sreekanthreddy/*\"\n      ]\n    }\n  ]\n}\n",
                            "role": "codebuild_servicerole"
                        },
                        "meta": {},
                        "tainted": false
                    },
                    "deposed": [],
                    "provider": "provider.aws"
                }
            },
            "depends_on": []
        }
    ]
}
