{
    "version": 3,
    "terraform_version": "0.11.11",
    "serial": 114,
    "lineage": "b9f73a4a-6d4f-7157-c887-9e0f00bc45e5",
    "modules": [
        {
            "path": [
                "root"
            ],
            "outputs": {
                "efs_dns": {
                    "sensitive": false,
                    "type": "string",
                    "value": "fs-da06433a.efs.us-east-1.amazonaws.com"
                },
                "efs_id": {
                    "sensitive": false,
                    "type": "string",
                    "value": "fs-da06433a"
                },
                "lb_dns": {
                    "sensitive": false,
                    "type": "string",
                    "value": "test-lb-tf-890119210.us-east-1.elb.amazonaws.com"
                },
                "load_balancer_arn": {
                    "sensitive": false,
                    "type": "string",
                    "value": "arn:aws:elasticloadbalancing:us-east-1:185799809509:loadbalancer/app/test-lb-tf/e17b4cde112eeb5b"
                }
            },
            "resources": {
                "aws_autoscaling_group.as_webserver": {
                    "type": "aws_autoscaling_group",
                    "depends_on": [
                        "aws_launch_configuration.launch_webserver_ami",
                        "aws_lb_target_group.webserver_target",
                        "aws_subnet.public.*"
                    ],
                    "primary": {
                        "id": "webserve_asg",
                        "attributes": {
                            "arn": "arn:aws:autoscaling:us-east-1:185799809509:autoScalingGroup:6e28864e-9dfe-45d4-b166-ac75c477262e:autoScalingGroupName/webserve_asg",
                            "availability_zones.#": "2",
                            "availability_zones.1305112097": "us-east-1b",
                            "availability_zones.3569565595": "us-east-1a",
                            "default_cooldown": "300",
                            "desired_capacity": "2",
                            "enabled_metrics.#": "0",
                            "force_delete": "false",
                            "health_check_grace_period": "300",
                            "health_check_type": "EC2",
                            "id": "webserve_asg",
                            "launch_configuration": "webserver_as",
                            "launch_template.#": "0",
                            "load_balancers.#": "0",
                            "max_size": "2",
                            "metrics_granularity": "1Minute",
                            "min_size": "2",
                            "mixed_instances_policy.#": "0",
                            "name": "webserve_asg",
                            "placement_group": "",
                            "protect_from_scale_in": "false",
                            "service_linked_role_arn": "arn:aws:iam::185799809509:role/aws-service-role/autoscaling.amazonaws.com/AWSServiceRoleForAutoScaling",
                            "suspended_processes.#": "0",
                            "tags.#": "1",
                            "tags.0.%": "3",
                            "tags.0.key": "Name",
                            "tags.0.propagate_at_launch": "1",
                            "tags.0.value": "tomcat_webserver",
                            "target_group_arns.#": "1",
                            "target_group_arns.2290686502": "arn:aws:elasticloadbalancing:us-east-1:185799809509:targetgroup/tf-20190319091559201500000001/193d6e6e09917d10",
                            "termination_policies.#": "0",
                            "vpc_zone_identifier.#": "2",
                            "vpc_zone_identifier.2886718466": "subnet-0ee791891a5a31deb",
                            "vpc_zone_identifier.731839488": "subnet-0c977695beb54e669",
                            "wait_for_capacity_timeout": "10m"
                        },
                        "meta": {
                            "e2bfb730-ecaa-11e6-8f88-34363bc7c4c0": {
                                "delete": 600000000000
                            }
                        },
                        "tainted": false
                    },
                    "deposed": [],
                    "provider": "provider.aws"
                },
                "aws_efs_file_system.web": {
                    "type": "aws_efs_file_system",
                    "depends_on": [],
                    "primary": {
                        "id": "fs-da06433a",
                        "attributes": {
                            "arn": "arn:aws:elasticfilesystem:us-east-1:185799809509:file-system/fs-da06433a",
                            "creation_token": "my-product",
                            "dns_name": "fs-da06433a.efs.us-east-1.amazonaws.com",
                            "encrypted": "false",
                            "id": "fs-da06433a",
                            "kms_key_id": "",
                            "performance_mode": "generalPurpose",
                            "provisioned_throughput_in_mibps": "0",
                            "tags.%": "1",
                            "tags.Name": "myweb",
                            "throughput_mode": "bursting"
                        },
                        "meta": {},
                        "tainted": false
                    },
                    "deposed": [],
                    "provider": "provider.aws"
                },
                "aws_efs_mount_target.alpha": {
                    "type": "aws_efs_mount_target",
                    "depends_on": [
                        "aws_efs_file_system.web",
                        "aws_security_group.sg_webserver1",
                        "aws_subnet.public.*"
                    ],
                    "primary": {
                        "id": "fsmt-17ae3ff6",
                        "attributes": {
                            "dns_name": "fs-da06433a.efs.us-east-1.amazonaws.com",
                            "file_system_arn": "arn:aws:elasticfilesystem:us-east-1:185799809509:file-system/fs-da06433a",
                            "file_system_id": "fs-da06433a",
                            "id": "fsmt-17ae3ff6",
                            "ip_address": "10.0.1.206",
                            "network_interface_id": "eni-08f2f1fc666029e69",
                            "security_groups.#": "1",
                            "security_groups.2480466815": "sg-03d25322077518fb9",
                            "subnet_id": "subnet-0c977695beb54e669"
                        },
                        "meta": {},
                        "tainted": false
                    },
                    "deposed": [],
                    "provider": "provider.aws"
                },
                "aws_instance.webserver1": {
                    "type": "aws_instance",
                    "depends_on": [
                        "aws_internet_gateway.gw",
                        "aws_security_group.sg_webserver1",
                        "aws_subnet.public.*"
                    ],
                    "primary": {
                        "id": "i-03999b9e1727d3f4d",
                        "attributes": {
                            "ami": "ami-027fdb855d2c0ea38",
                            "arn": "arn:aws:ec2:us-east-1:185799809509:instance/i-03999b9e1727d3f4d",
                            "associate_public_ip_address": "true",
                            "availability_zone": "us-east-1a",
                            "cpu_core_count": "1",
                            "cpu_threads_per_core": "1",
                            "credit_specification.#": "1",
                            "credit_specification.0.cpu_credits": "standard",
                            "disable_api_termination": "false",
                            "ebs_block_device.#": "0",
                            "ebs_optimized": "false",
                            "ephemeral_block_device.#": "0",
                            "get_password_data": "false",
                            "iam_instance_profile": "",
                            "id": "i-03999b9e1727d3f4d",
                            "instance_state": "running",
                            "instance_type": "t2.micro",
                            "ipv6_addresses.#": "0",
                            "key_name": "sree",
                            "monitoring": "false",
                            "network_interface.#": "0",
                            "password_data": "",
                            "placement_group": "",
                            "primary_network_interface_id": "eni-03f2d6b5e32de65fa",
                            "private_dns": "ip-10-0-1-132.ec2.internal",
                            "private_ip": "10.0.1.132",
                            "public_dns": "ec2-35-169-107-77.compute-1.amazonaws.com",
                            "public_ip": "35.169.107.77",
                            "root_block_device.#": "1",
                            "root_block_device.0.delete_on_termination": "true",
                            "root_block_device.0.iops": "100",
                            "root_block_device.0.volume_id": "vol-03b8b52be94ac12e8",
                            "root_block_device.0.volume_size": "8",
                            "root_block_device.0.volume_type": "gp2",
                            "security_groups.#": "0",
                            "source_dest_check": "true",
                            "subnet_id": "subnet-0c977695beb54e669",
                            "tags.%": "1",
                            "tags.Name": "webserver1",
                            "tenancy": "default",
                            "volume_tags.%": "0",
                            "vpc_security_group_ids.#": "1",
                            "vpc_security_group_ids.2480466815": "sg-03d25322077518fb9"
                        },
                        "meta": {
                            "e2bfb730-ecaa-11e6-8f88-34363bc7c4c0": {
                                "create": 600000000000,
                                "delete": 1200000000000,
                                "update": 600000000000
                            },
                            "schema_version": "1"
                        },
                        "tainted": false
                    },
                    "deposed": [],
                    "provider": "provider.aws"
                },
                "aws_internet_gateway.gw": {
                    "type": "aws_internet_gateway",
                    "depends_on": [
                        "aws_vpc.dev"
                    ],
                    "primary": {
                        "id": "igw-04129fd17d3cac0d8",
                        "attributes": {
                            "id": "igw-04129fd17d3cac0d8",
                            "owner_id": "185799809509",
                            "tags.%": "1",
                            "tags.Name": "dev",
                            "vpc_id": "vpc-068c854f24322eb8f"
                        },
                        "meta": {},
                        "tainted": false
                    },
                    "deposed": [],
                    "provider": "provider.aws"
                },
                "aws_launch_configuration.launch_webserver_ami": {
                    "type": "aws_launch_configuration",
                    "depends_on": [
                        "aws_security_group.sg_webserver1"
                    ],
                    "primary": {
                        "id": "webserver_as",
                        "attributes": {
                            "associate_public_ip_address": "false",
                            "ebs_block_device.#": "0",
                            "ebs_optimized": "false",
                            "enable_monitoring": "true",
                            "ephemeral_block_device.#": "0",
                            "iam_instance_profile": "",
                            "id": "webserver_as",
                            "image_id": "ami-027fdb855d2c0ea38",
                            "instance_type": "t2.micro",
                            "key_name": "sree",
                            "name": "webserver_as",
                            "root_block_device.#": "0",
                            "security_groups.#": "1",
                            "security_groups.2480466815": "sg-03d25322077518fb9",
                            "spot_price": "",
                            "vpc_classic_link_id": "",
                            "vpc_classic_link_security_groups.#": "0"
                        },
                        "meta": {},
                        "tainted": false
                    },
                    "deposed": [],
                    "provider": "provider.aws"
                },
                "aws_lb.test": {
                    "type": "aws_lb",
                    "depends_on": [
                        "aws_security_group.sg_webserver1",
                        "aws_subnet.public.*"
                    ],
                    "primary": {
                        "id": "arn:aws:elasticloadbalancing:us-east-1:185799809509:loadbalancer/app/test-lb-tf/e17b4cde112eeb5b",
                        "attributes": {
                            "access_logs.#": "0",
                            "arn": "arn:aws:elasticloadbalancing:us-east-1:185799809509:loadbalancer/app/test-lb-tf/e17b4cde112eeb5b",
                            "arn_suffix": "app/test-lb-tf/e17b4cde112eeb5b",
                            "dns_name": "test-lb-tf-890119210.us-east-1.elb.amazonaws.com",
                            "enable_deletion_protection": "false",
                            "enable_http2": "true",
                            "id": "arn:aws:elasticloadbalancing:us-east-1:185799809509:loadbalancer/app/test-lb-tf/e17b4cde112eeb5b",
                            "idle_timeout": "60",
                            "internal": "false",
                            "ip_address_type": "ipv4",
                            "load_balancer_type": "application",
                            "name": "test-lb-tf",
                            "security_groups.#": "1",
                            "security_groups.2480466815": "sg-03d25322077518fb9",
                            "subnet_mapping.#": "0",
                            "subnets.#": "2",
                            "subnets.2886718466": "subnet-0ee791891a5a31deb",
                            "subnets.731839488": "subnet-0c977695beb54e669",
                            "tags.%": "1",
                            "tags.Environment": "production",
                            "vpc_id": "vpc-068c854f24322eb8f",
                            "zone_id": "Z35SXDOTRQ7X7K"
                        },
                        "meta": {
                            "e2bfb730-ecaa-11e6-8f88-34363bc7c4c0": {
                                "create": 600000000000,
                                "delete": 600000000000,
                                "update": 600000000000
                            }
                        },
                        "tainted": false
                    },
                    "deposed": [],
                    "provider": "provider.aws"
                },
                "aws_lb_listener.front_end": {
                    "type": "aws_lb_listener",
                    "depends_on": [
                        "aws_lb.test",
                        "aws_lb_target_group.webserver_target"
                    ],
                    "primary": {
                        "id": "arn:aws:elasticloadbalancing:us-east-1:185799809509:listener/app/test-lb-tf/e17b4cde112eeb5b/56ee046582a3dabf",
                        "attributes": {
                            "arn": "arn:aws:elasticloadbalancing:us-east-1:185799809509:listener/app/test-lb-tf/e17b4cde112eeb5b/56ee046582a3dabf",
                            "default_action.#": "1",
                            "default_action.0.authenticate_cognito.#": "0",
                            "default_action.0.authenticate_oidc.#": "0",
                            "default_action.0.fixed_response.#": "0",
                            "default_action.0.order": "1",
                            "default_action.0.redirect.#": "0",
                            "default_action.0.target_group_arn": "arn:aws:elasticloadbalancing:us-east-1:185799809509:targetgroup/tf-20190319091559201500000001/193d6e6e09917d10",
                            "default_action.0.type": "forward",
                            "id": "arn:aws:elasticloadbalancing:us-east-1:185799809509:listener/app/test-lb-tf/e17b4cde112eeb5b/56ee046582a3dabf",
                            "load_balancer_arn": "arn:aws:elasticloadbalancing:us-east-1:185799809509:loadbalancer/app/test-lb-tf/e17b4cde112eeb5b",
                            "port": "8080",
                            "protocol": "HTTP",
                            "ssl_policy": ""
                        },
                        "meta": {
                            "e2bfb730-ecaa-11e6-8f88-34363bc7c4c0": {
                                "read": 600000000000
                            }
                        },
                        "tainted": false
                    },
                    "deposed": [],
                    "provider": "provider.aws"
                },
                "aws_lb_target_group.webserver_target": {
                    "type": "aws_lb_target_group",
                    "depends_on": [
                        "aws_vpc.dev"
                    ],
                    "primary": {
                        "id": "arn:aws:elasticloadbalancing:us-east-1:185799809509:targetgroup/tf-20190319091559201500000001/193d6e6e09917d10",
                        "attributes": {
                            "arn": "arn:aws:elasticloadbalancing:us-east-1:185799809509:targetgroup/tf-20190319091559201500000001/193d6e6e09917d10",
                            "arn_suffix": "targetgroup/tf-20190319091559201500000001/193d6e6e09917d10",
                            "deregistration_delay": "300",
                            "health_check.#": "1",
                            "health_check.0.healthy_threshold": "5",
                            "health_check.0.interval": "30",
                            "health_check.0.matcher": "200",
                            "health_check.0.path": "/",
                            "health_check.0.port": "traffic-port",
                            "health_check.0.protocol": "HTTP",
                            "health_check.0.timeout": "5",
                            "health_check.0.unhealthy_threshold": "2",
                            "id": "arn:aws:elasticloadbalancing:us-east-1:185799809509:targetgroup/tf-20190319091559201500000001/193d6e6e09917d10",
                            "name": "tf-20190319091559201500000001",
                            "port": "8080",
                            "protocol": "HTTP",
                            "proxy_protocol_v2": "false",
                            "slow_start": "0",
                            "stickiness.#": "1",
                            "stickiness.0.cookie_duration": "86400",
                            "stickiness.0.enabled": "false",
                            "stickiness.0.type": "lb_cookie",
                            "tags.%": "0",
                            "target_type": "instance",
                            "vpc_id": "vpc-068c854f24322eb8f"
                        },
                        "meta": {},
                        "tainted": false
                    },
                    "deposed": [],
                    "provider": "provider.aws"
                },
                "aws_lb_target_group_attachment.test": {
                    "type": "aws_lb_target_group_attachment",
                    "depends_on": [
                        "aws_instance.webserver1",
                        "aws_lb_target_group.webserver_target"
                    ],
                    "primary": {
                        "id": "arn:aws:elasticloadbalancing:us-east-1:185799809509:targetgroup/tf-20190319091559201500000001/193d6e6e09917d10-20190319091655981400000002",
                        "attributes": {
                            "id": "arn:aws:elasticloadbalancing:us-east-1:185799809509:targetgroup/tf-20190319091559201500000001/193d6e6e09917d10-20190319091655981400000002",
                            "port": "8080",
                            "target_group_arn": "arn:aws:elasticloadbalancing:us-east-1:185799809509:targetgroup/tf-20190319091559201500000001/193d6e6e09917d10",
                            "target_id": "i-03999b9e1727d3f4d"
                        },
                        "meta": {},
                        "tainted": false
                    },
                    "deposed": [],
                    "provider": "provider.aws"
                },
                "aws_route_table.pub_route": {
                    "type": "aws_route_table",
                    "depends_on": [
                        "aws_internet_gateway.gw",
                        "aws_vpc.dev"
                    ],
                    "primary": {
                        "id": "rtb-0db298e42921cd309",
                        "attributes": {
                            "id": "rtb-0db298e42921cd309",
                            "owner_id": "185799809509",
                            "propagating_vgws.#": "0",
                            "route.#": "1",
                            "route.1676749382.cidr_block": "0.0.0.0/0",
                            "route.1676749382.egress_only_gateway_id": "",
                            "route.1676749382.gateway_id": "igw-04129fd17d3cac0d8",
                            "route.1676749382.instance_id": "",
                            "route.1676749382.ipv6_cidr_block": "",
                            "route.1676749382.nat_gateway_id": "",
                            "route.1676749382.network_interface_id": "",
                            "route.1676749382.transit_gateway_id": "",
                            "route.1676749382.vpc_peering_connection_id": "",
                            "tags.%": "1",
                            "tags.Name": "pub_route",
                            "vpc_id": "vpc-068c854f24322eb8f"
                        },
                        "meta": {},
                        "tainted": false
                    },
                    "deposed": [],
                    "provider": "provider.aws"
                },
                "aws_route_table_association.public_subnets.0": {
                    "type": "aws_route_table_association",
                    "depends_on": [
                        "aws_route_table.pub_route",
                        "aws_subnet.public.*"
                    ],
                    "primary": {
                        "id": "rtbassoc-0ac615d8f0e5ff209",
                        "attributes": {
                            "id": "rtbassoc-0ac615d8f0e5ff209",
                            "route_table_id": "rtb-0db298e42921cd309",
                            "subnet_id": "subnet-0c977695beb54e669"
                        },
                        "meta": {},
                        "tainted": false
                    },
                    "deposed": [],
                    "provider": "provider.aws"
                },
                "aws_route_table_association.public_subnets.1": {
                    "type": "aws_route_table_association",
                    "depends_on": [
                        "aws_route_table.pub_route",
                        "aws_subnet.public.*"
                    ],
                    "primary": {
                        "id": "rtbassoc-08624926251a28fd1",
                        "attributes": {
                            "id": "rtbassoc-08624926251a28fd1",
                            "route_table_id": "rtb-0db298e42921cd309",
                            "subnet_id": "subnet-0ee791891a5a31deb"
                        },
                        "meta": {},
                        "tainted": false
                    },
                    "deposed": [],
                    "provider": "provider.aws"
                },
                "aws_security_group.sg_webserver1": {
                    "type": "aws_security_group",
                    "depends_on": [
                        "aws_vpc.dev"
                    ],
                    "primary": {
                        "id": "sg-03d25322077518fb9",
                        "attributes": {
                            "arn": "arn:aws:ec2:us-east-1:185799809509:security-group/sg-03d25322077518fb9",
                            "description": "Managed by Terraform",
                            "egress.#": "1",
                            "egress.482069346.cidr_blocks.#": "1",
                            "egress.482069346.cidr_blocks.0": "0.0.0.0/0",
                            "egress.482069346.description": "",
                            "egress.482069346.from_port": "0",
                            "egress.482069346.ipv6_cidr_blocks.#": "0",
                            "egress.482069346.prefix_list_ids.#": "0",
                            "egress.482069346.protocol": "-1",
                            "egress.482069346.security_groups.#": "0",
                            "egress.482069346.self": "false",
                            "egress.482069346.to_port": "0",
                            "id": "sg-03d25322077518fb9",
                            "ingress.#": "3",
                            "ingress.2214680975.cidr_blocks.#": "1",
                            "ingress.2214680975.cidr_blocks.0": "0.0.0.0/0",
                            "ingress.2214680975.description": "",
                            "ingress.2214680975.from_port": "80",
                            "ingress.2214680975.ipv6_cidr_blocks.#": "0",
                            "ingress.2214680975.prefix_list_ids.#": "0",
                            "ingress.2214680975.protocol": "tcp",
                            "ingress.2214680975.security_groups.#": "0",
                            "ingress.2214680975.self": "false",
                            "ingress.2214680975.to_port": "80",
                            "ingress.2541437006.cidr_blocks.#": "1",
                            "ingress.2541437006.cidr_blocks.0": "0.0.0.0/0",
                            "ingress.2541437006.description": "",
                            "ingress.2541437006.from_port": "22",
                            "ingress.2541437006.ipv6_cidr_blocks.#": "0",
                            "ingress.2541437006.prefix_list_ids.#": "0",
                            "ingress.2541437006.protocol": "tcp",
                            "ingress.2541437006.security_groups.#": "0",
                            "ingress.2541437006.self": "false",
                            "ingress.2541437006.to_port": "22",
                            "ingress.482069346.cidr_blocks.#": "1",
                            "ingress.482069346.cidr_blocks.0": "0.0.0.0/0",
                            "ingress.482069346.description": "",
                            "ingress.482069346.from_port": "0",
                            "ingress.482069346.ipv6_cidr_blocks.#": "0",
                            "ingress.482069346.prefix_list_ids.#": "0",
                            "ingress.482069346.protocol": "-1",
                            "ingress.482069346.security_groups.#": "0",
                            "ingress.482069346.self": "false",
                            "ingress.482069346.to_port": "0",
                            "name": "Allow http port",
                            "owner_id": "185799809509",
                            "revoke_rules_on_delete": "false",
                            "tags.%": "0",
                            "vpc_id": "vpc-068c854f24322eb8f"
                        },
                        "meta": {
                            "e2bfb730-ecaa-11e6-8f88-34363bc7c4c0": {
                                "create": 600000000000,
                                "delete": 600000000000
                            },
                            "schema_version": "1"
                        },
                        "tainted": false
                    },
                    "deposed": [],
                    "provider": "provider.aws"
                },
                "aws_subnet.public.0": {
                    "type": "aws_subnet",
                    "depends_on": [
                        "aws_vpc.dev"
                    ],
                    "primary": {
                        "id": "subnet-0c977695beb54e669",
                        "attributes": {
                            "arn": "arn:aws:ec2:us-east-1:185799809509:subnet/subnet-0c977695beb54e669",
                            "assign_ipv6_address_on_creation": "false",
                            "availability_zone": "us-east-1a",
                            "availability_zone_id": "use1-az1",
                            "cidr_block": "10.0.1.0/24",
                            "id": "subnet-0c977695beb54e669",
                            "ipv6_cidr_block": "",
                            "ipv6_cidr_block_association_id": "",
                            "map_public_ip_on_launch": "true",
                            "owner_id": "185799809509",
                            "tags.%": "1",
                            "tags.Name": "pub_sub-1",
                            "vpc_id": "vpc-068c854f24322eb8f"
                        },
                        "meta": {
                            "e2bfb730-ecaa-11e6-8f88-34363bc7c4c0": {
                                "create": 600000000000,
                                "delete": 600000000000
                            },
                            "schema_version": "1"
                        },
                        "tainted": false
                    },
                    "deposed": [],
                    "provider": "provider.aws"
                },
                "aws_subnet.public.1": {
                    "type": "aws_subnet",
                    "depends_on": [
                        "aws_vpc.dev"
                    ],
                    "primary": {
                        "id": "subnet-0ee791891a5a31deb",
                        "attributes": {
                            "arn": "arn:aws:ec2:us-east-1:185799809509:subnet/subnet-0ee791891a5a31deb",
                            "assign_ipv6_address_on_creation": "false",
                            "availability_zone": "us-east-1b",
                            "availability_zone_id": "use1-az2",
                            "cidr_block": "10.0.2.0/24",
                            "id": "subnet-0ee791891a5a31deb",
                            "ipv6_cidr_block": "",
                            "ipv6_cidr_block_association_id": "",
                            "map_public_ip_on_launch": "true",
                            "owner_id": "185799809509",
                            "tags.%": "1",
                            "tags.Name": "pub_sub-2",
                            "vpc_id": "vpc-068c854f24322eb8f"
                        },
                        "meta": {
                            "e2bfb730-ecaa-11e6-8f88-34363bc7c4c0": {
                                "create": 600000000000,
                                "delete": 600000000000
                            },
                            "schema_version": "1"
                        },
                        "tainted": false
                    },
                    "deposed": [],
                    "provider": "provider.aws"
                },
                "aws_vpc.dev": {
                    "type": "aws_vpc",
                    "depends_on": [],
                    "primary": {
                        "id": "vpc-068c854f24322eb8f",
                        "attributes": {
                            "arn": "arn:aws:ec2:us-east-1:185799809509:vpc/vpc-068c854f24322eb8f",
                            "assign_generated_ipv6_cidr_block": "false",
                            "cidr_block": "10.0.0.0/16",
                            "default_network_acl_id": "acl-065d14779382b2ede",
                            "default_route_table_id": "rtb-093e4027536ba8585",
                            "default_security_group_id": "sg-07486726bb70e78a3",
                            "dhcp_options_id": "dopt-8897ccf3",
                            "enable_classiclink": "false",
                            "enable_classiclink_dns_support": "false",
                            "enable_dns_hostnames": "true",
                            "enable_dns_support": "true",
                            "id": "vpc-068c854f24322eb8f",
                            "instance_tenancy": "default",
                            "ipv6_association_id": "",
                            "ipv6_cidr_block": "",
                            "main_route_table_id": "rtb-093e4027536ba8585",
                            "owner_id": "185799809509",
                            "tags.%": "1",
                            "tags.Name": "dev_vpc"
                        },
                        "meta": {
                            "schema_version": "1"
                        },
                        "tainted": false
                    },
                    "deposed": [],
                    "provider": "provider.aws"
                }
            },
            "depends_on": []
        }
    ]
}
