{
    "version": 3,
    "terraform_version": "0.11.11",
    "serial": 12,
    "lineage": "7841a989-640a-b94e-8611-6cac659658c8",
    "modules": [
        {
            "path": [
                "root"
            ],
            "outputs": {},
            "resources": {
                "aws_iam_instance_profile.code_deploy": {
                    "type": "aws_iam_instance_profile",
                    "depends_on": [
                        "aws_iam_role.codedeploy_role_tomcat"
                    ],
                    "primary": {
                        "id": "code_deploy_tomcat",
                        "attributes": {
                            "arn": "arn:aws:iam::185799809509:instance-profile/code_deploy_tomcat",
                            "create_date": "2019-03-20T04:15:15Z",
                            "id": "code_deploy_tomcat",
                            "name": "code_deploy_tomcat",
                            "path": "/",
                            "role": "codedeploy_role_tomcat",
                            "roles.#": "0",
                            "unique_id": "AIPAJ5YXVGMSLCB3SFDDI"
                        },
                        "meta": {},
                        "tainted": false
                    },
                    "deposed": [],
                    "provider": "provider.aws"
                },
                "aws_iam_instance_profile.ec2_s3_codedeploy": {
                    "type": "aws_iam_instance_profile",
                    "depends_on": [
                        "aws_iam_role.ec2-s3-codedeploy"
                    ],
                    "primary": {
                        "id": "ec2_s3_codedeploy",
                        "attributes": {
                            "arn": "arn:aws:iam::185799809509:instance-profile/ec2_s3_codedeploy",
                            "create_date": "2019-03-20T04:15:15Z",
                            "id": "ec2_s3_codedeploy",
                            "name": "ec2_s3_codedeploy",
                            "path": "/",
                            "role": "ec2-s3-codedeploy",
                            "roles.#": "0",
                            "unique_id": "AIPAJCMRP7MOPQANVGTJS"
                        },
                        "meta": {},
                        "tainted": false
                    },
                    "deposed": [],
                    "provider": "provider.aws"
                },
                "aws_iam_policy.ec2_codedeploy_policy": {
                    "type": "aws_iam_policy",
                    "depends_on": [],
                    "primary": {
                        "id": "arn:aws:iam::185799809509:policy/ec2_codedeploy_policy",
                        "attributes": {
                            "arn": "arn:aws:iam::185799809509:policy/ec2_codedeploy_policy",
                            "description": "My test policy",
                            "id": "arn:aws:iam::185799809509:policy/ec2_codedeploy_policy",
                            "name": "ec2_codedeploy_policy",
                            "path": "/",
                            "policy": "{\n    \"Version\": \"2012-10-17\",\n    \"Statement\": [\n        {\n            \"Action\": [\n                \"s3:Get*\",\n                \"s3:List*\"\n            ],\n            \"Effect\": \"Allow\",\n            \"Resource\": \"*\"\n        }\n    ]\n}\n"
                        },
                        "meta": {},
                        "tainted": false
                    },
                    "deposed": [],
                    "provider": "provider.aws"
                },
                "aws_iam_policy_attachment.ec2-s3-codedeploy": {
                    "type": "aws_iam_policy_attachment",
                    "depends_on": [
                        "aws_iam_policy.ec2_codedeploy_policy",
                        "aws_iam_role.ec2-s3-codedeploy"
                    ],
                    "primary": {
                        "id": "ec2-s3-codedeploy",
                        "attributes": {
                            "groups.#": "0",
                            "id": "ec2-s3-codedeploy",
                            "name": "ec2-s3-codedeploy",
                            "policy_arn": "arn:aws:iam::185799809509:policy/ec2_codedeploy_policy",
                            "roles.#": "1",
                            "roles.2127558843": "ec2-s3-codedeploy",
                            "users.#": "0"
                        },
                        "meta": {},
                        "tainted": false
                    },
                    "deposed": [],
                    "provider": "provider.aws"
                },
                "aws_iam_policy_attachment.test-attach": {
                    "type": "aws_iam_policy_attachment",
                    "depends_on": [
                        "aws_iam_role.codedeploy_role_tomcat"
                    ],
                    "primary": {
                        "id": "test-attachment",
                        "attributes": {
                            "groups.#": "0",
                            "id": "test-attachment",
                            "name": "test-attachment",
                            "policy_arn": "arn:aws:iam::aws:policy/service-role/AWSCodeDeployRole",
                            "roles.#": "1",
                            "roles.2163269300": "codedeploy_role_tomcat",
                            "users.#": "0"
                        },
                        "meta": {},
                        "tainted": false
                    },
                    "deposed": [],
                    "provider": "provider.aws"
                },
                "aws_iam_role.codedeploy_role_tomcat": {
                    "type": "aws_iam_role",
                    "depends_on": [],
                    "primary": {
                        "id": "codedeploy_role_tomcat",
                        "attributes": {
                            "arn": "arn:aws:iam::185799809509:role/codedeploy_role_tomcat",
                            "assume_role_policy": "{\"Version\":\"2012-10-17\",\"Statement\":[{\"Sid\":\"\",\"Effect\":\"Allow\",\"Principal\":{\"Service\":\"codedeploy.amazonaws.com\"},\"Action\":\"sts:AssumeRole\"}]}",
                            "create_date": "2019-03-20T04:15:12Z",
                            "description": "",
                            "force_detach_policies": "false",
                            "id": "codedeploy_role_tomcat",
                            "max_session_duration": "3600",
                            "name": "codedeploy_role_tomcat",
                            "path": "/",
                            "tags.%": "0",
                            "unique_id": "AROAIXHC3N6GQZ6ZI6QYU"
                        },
                        "meta": {},
                        "tainted": false
                    },
                    "deposed": [],
                    "provider": "provider.aws"
                },
                "aws_iam_role.codepipeline_role": {
                    "type": "aws_iam_role",
                    "depends_on": [],
                    "primary": {
                        "id": "test-role",
                        "attributes": {
                            "arn": "arn:aws:iam::185799809509:role/test-role",
                            "assume_role_policy": "{\"Version\":\"2012-10-17\",\"Statement\":[{\"Effect\":\"Allow\",\"Principal\":{\"Service\":\"codepipeline.amazonaws.com\"},\"Action\":\"sts:AssumeRole\"}]}",
                            "create_date": "2019-03-20T04:15:13Z",
                            "description": "",
                            "force_detach_policies": "false",
                            "id": "test-role",
                            "max_session_duration": "3600",
                            "name": "test-role",
                            "path": "/",
                            "tags.%": "0",
                            "unique_id": "AROAIHMTSD7Y6CC4XVRLM"
                        },
                        "meta": {},
                        "tainted": false
                    },
                    "deposed": [],
                    "provider": "provider.aws"
                },
                "aws_iam_role.ec2-s3-codedeploy": {
                    "type": "aws_iam_role",
                    "depends_on": [],
                    "primary": {
                        "id": "ec2-s3-codedeploy",
                        "attributes": {
                            "arn": "arn:aws:iam::185799809509:role/ec2-s3-codedeploy",
                            "assume_role_policy": "{\"Version\":\"2012-10-17\",\"Statement\":[{\"Sid\":\"\",\"Effect\":\"Allow\",\"Principal\":{\"Service\":\"ec2.amazonaws.com\"},\"Action\":\"sts:AssumeRole\"}]}",
                            "create_date": "2019-03-20T04:15:13Z",
                            "description": "",
                            "force_detach_policies": "false",
                            "id": "ec2-s3-codedeploy",
                            "max_session_duration": "3600",
                            "name": "ec2-s3-codedeploy",
                            "path": "/",
                            "tags.%": "0",
                            "unique_id": "AROAIZINX4EZ5WQANDLFK"
                        },
                        "meta": {},
                        "tainted": false
                    },
                    "deposed": [],
                    "provider": "provider.aws"
                },
                "aws_iam_role_policy.codepipeline_policy": {
                    "type": "aws_iam_role_policy",
                    "depends_on": [
                        "aws_iam_role.codepipeline_role"
                    ],
                    "primary": {
                        "id": "test-role:codepipeline_policy",
                        "attributes": {
                            "id": "test-role:codepipeline_policy",
                            "name": "codepipeline_policy",
                            "policy": "{\n  \"Version\": \"2012-10-17\",\n  \"Statement\": [\n    {\n      \"Effect\":\"Allow\",\n      \"Action\": [\n        \"s3:GetObject\",\n        \"s3:GetObjectVersion\",\n        \"s3:GetBucketVersioning\"\n      ],\n      \"Resource\": [\n         \"arn:aws:s3:::sreekanthreddy\",\n        \"arn:aws:s3:::sreekanthreddy/*\"\n      ]\n    },\n    {\n      \"Effect\": \"Allow\",\n      \"Action\": [\n        \"codebuild:BatchGetBuilds\",\n        \"codebuild:StartBuild\"\n      ],\n      \"Resource\": \"*\"\n    }\n  ]\n}\n",
                            "role": "test-role"
                        },
                        "meta": {},
                        "tainted": false
                    },
                    "deposed": [],
                    "provider": "provider.aws"
                }
            },
            "depends_on": []
        }
    ]
}
